
Microsoft Visual Studio Solution File, Format Version 12.00
# Visual Studio Version 16
VisualStudioVersion = 16.0.28803.202
MinimumVisualStudioVersion = 10.0.40219.1
Project("{FAE04EC0-301F-11D3-BF4B-00C04F79EFBC}") = "StreamerPlus", "StreamerPlus.csproj", "{685EDCFE-1E5E-4060-8E39-F7A217F6E1C8}"
EndProject
Project("{2150E333-8FDC-42A3-9474-1A3956D46DE8}") = "Solution Items", "Solution Items", "{9CED55C5-828A-4F9C-BFB5-664AD0086A12}"
	ProjectSection(SolutionItems) = preProject
		.editorconfig = .editorconfig
	EndProjectSection
EndProject
Global
	GlobalSection(SolutionConfigurationPlatforms) = preSolution
		Debug|Any CPU = Debug|Any CPU
		Release|Any CPU = Release|Any CPU
	EndGlobalSection
	GlobalSection(ProjectConfigurationPlatforms) = postSolution
		{685EDCFE-1E5E-4060-8E39-F7A217F6E1C8}.Debug|Any CPU.ActiveCfg = Debug|Any CPU
		{685EDCFE-1E5E-4060-8E39-F7A217F6E1C8}.Debug|Any CPU.Build.0 = Debug|Any CPU
		{685EDCFE-1E5E-4060-8E39-F7A217F6E1C8}.Release|Any CPU.ActiveCfg = Release|Any CPU
		{685EDCFE-1E5E-4060-8E39-F7A217F6E1C8}.Release|Any CPU.Build.0 = Release|Any CPU
	EndGlobalSection
	GlobalSection(SolutionProperties) = preSolution
		HideSolutionNode = FALSE
	EndGlobalSection
	GlobalSection(ExtensibilityGlobals) = postSolution
		SolutionGuid = {A8C8888A-4839-4CEA-84E8-D418AC672499}
	EndGlobalSection
EndGlobal
